
Microsoft Visual Studio Solution File, Format Version 12.00
# Visual Studio Version 17
VisualStudioVersion = 17.5.33627.172
MinimumVisualStudioVersion = 10.0.40219.1
Project("{FAE04EC0-301F-11D3-BF4B-00C04F79EFBC}") = "DelTest", "DelTest\DelTest.csproj", "{B2D141C8-921A-4283-AFB4-30AA0BBE3523}"
EndProject
Project("{FAE04EC0-301F-11D3-BF4B-00C04F79EFBC}") = "DalFacade", "DalFacade\DalFacade.csproj", "{FEE33009-750E-4D6D-B85B-8C8AEBD1F6C6}"
EndProject
Project("{FAE04EC0-301F-11D3-BF4B-00C04F79EFBC}") = "DalList", "DalList\DalList.csproj", "{7F771116-4630-4520-B02B-41B64D400D03}"
EndProject
Global
	GlobalSection(SolutionConfigurationPlatforms) = preSolution
		Debug|Any CPU = Debug|Any CPU
		Release|Any CPU = Release|Any CPU
	EndGlobalSection
	GlobalSection(ProjectConfigurationPlatforms) = postSolution
		{B2D141C8-921A-4283-AFB4-30AA0BBE3523}.Debug|Any CPU.ActiveCfg = Debug|Any CPU
		{B2D141C8-921A-4283-AFB4-30AA0BBE3523}.Debug|Any CPU.Build.0 = Debug|Any CPU
		{B2D141C8-921A-4283-AFB4-30AA0BBE3523}.Release|Any CPU.ActiveCfg = Release|Any CPU
		{B2D141C8-921A-4283-AFB4-30AA0BBE3523}.Release|Any CPU.Build.0 = Release|Any CPU
		{FEE33009-750E-4D6D-B85B-8C8AEBD1F6C6}.Debug|Any CPU.ActiveCfg = Debug|Any CPU
		{FEE33009-750E-4D6D-B85B-8C8AEBD1F6C6}.Debug|Any CPU.Build.0 = Debug|Any CPU
		{FEE33009-750E-4D6D-B85B-8C8AEBD1F6C6}.Release|Any CPU.ActiveCfg = Release|Any CPU
		{FEE33009-750E-4D6D-B85B-8C8AEBD1F6C6}.Release|Any CPU.Build.0 = Release|Any CPU
		{7F771116-4630-4520-B02B-41B64D400D03}.Debug|Any CPU.ActiveCfg = Debug|Any CPU
		{7F771116-4630-4520-B02B-41B64D400D03}.Debug|Any CPU.Build.0 = Debug|Any CPU
		{7F771116-4630-4520-B02B-41B64D400D03}.Release|Any CPU.ActiveCfg = Release|Any CPU
		{7F771116-4630-4520-B02B-41B64D400D03}.Release|Any CPU.Build.0 = Release|Any CPU
	EndGlobalSection
	GlobalSection(SolutionProperties) = preSolution
		HideSolutionNode = FALSE
	EndGlobalSection
	GlobalSection(ExtensibilityGlobals) = postSolution
		SolutionGuid = {4722969A-0A97-4869-A364-256932FEE180}
	EndGlobalSection
EndGlobal
